
Microsoft Visual Studio Solution File, Format Version 12.00
# Visual Studio Version 17
VisualStudioVersion = 17.11.35222.181
MinimumVisualStudioVersion = 10.0.40219.1
Project("{FAE04EC0-301F-11D3-BF4B-00C04F79EFBC}") = "Kieaa", "Kieaa\Kieaa.csproj", "{3D6C1E26-1B94-4501-8E79-533AF0C3A038}"
EndProject
Global
	GlobalSection(SolutionConfigurationPlatforms) = preSolution
		Debug|Any CPU = Debug|Any CPU
		Release|Any CPU = Release|Any CPU
	EndGlobalSection
	GlobalSection(ProjectConfigurationPlatforms) = postSolution
		{3D6C1E26-1B94-4501-8E79-533AF0C3A038}.Debug|Any CPU.ActiveCfg = Debug|Any CPU
		{3D6C1E26-1B94-4501-8E79-533AF0C3A038}.Debug|Any CPU.Build.0 = Debug|Any CPU
		{3D6C1E26-1B94-4501-8E79-533AF0C3A038}.Release|Any CPU.ActiveCfg = Release|Any CPU
		{3D6C1E26-1B94-4501-8E79-533AF0C3A038}.Release|Any CPU.Build.0 = Release|Any CPU
	EndGlobalSection
	GlobalSection(SolutionProperties) = preSolution
		HideSolutionNode = FALSE
	EndGlobalSection
	GlobalSection(ExtensibilityGlobals) = postSolution
		SolutionGuid = {BD914FE9-228C-457D-BD94-F3FBA04D90CC}
	EndGlobalSection
EndGlobal
